// !$*UTF8*$!
{
	archiveVersion = 1;
	classes = {
	};
	objectVersion = 46;
	objects = {

/* Begin PBXBuildFile section */
		8E03C0C11E8FF320007D5548 /* AppDelegate.swift in Sources */ = {isa = PBXBuildFile; fileRef = 8E03C0C01E8FF320007D5548 /* AppDelegate.swift */; };
		8E03C0C31E8FF320007D5548 /* ViewController.swift in Sources */ = {isa = PBXBuildFile; fileRef = 8E03C0C21E8FF320007D5548 /* ViewController.swift */; };
		8E03C0C61E8FF320007D5548 /* Main.storyboard in Resources */ = {isa = PBXBuildFile; fileRef = 8E03C0C41E8FF320007D5548 /* Main.storyboard */; };
		8E03C0C91E8FF320007D5548 /* WifiDisk.xcdatamodeld in Sources */ = {isa = PBXBuildFile; fileRef = 8E03C0C71E8FF320007D5548 /* WifiDisk.xcdatamodeld */; };
		8E03C0CB1E8FF320007D5548 /* Assets.xcassets in Resources */ = {isa = PBXBuildFile; fileRef = 8E03C0CA1E8FF320007D5548 /* Assets.xcassets */; };
		8E03C0CE1E8FF320007D5548 /* LaunchScreen.storyboard in Resources */ = {isa = PBXBuildFile; fileRef = 8E03C0CC1E8FF320007D5548 /* LaunchScreen.storyboard */; };
		8E03C0D91E8FF320007D5548 /* WifiDiskTests.swift in Sources */ = {isa = PBXBuildFile; fileRef = 8E03C0D81E8FF320007D5548 /* WifiDiskTests.swift */; };
		8E03C0E41E8FF320007D5548 /* WifiDiskUITests.swift in Sources */ = {isa = PBXBuildFile; fileRef = 8E03C0E31E8FF320007D5548 /* WifiDiskUITests.swift */; };
/* End PBXBuildFile section */

/* Begin PBXContainerItemProxy section */
		8E03C0D51E8FF320007D5548 /* PBXContainerItemProxy */ = {
			isa = PBXContainerItemProxy;
			containerPortal = 8E03C0B51E8FF320007D5548 /* Project object */;
			proxyType = 1;
			remoteGlobalIDString = 8E03C0BC1E8FF320007D5548;
			remoteInfo = WifiDisk;
		};
		8E03C0E01E8FF320007D5548 /* PBXContainerItemProxy */ = {
			isa = PBXContainerItemProxy;
			containerPortal = 8E03C0B51E8FF320007D5548 /* Project object */;
			proxyType = 1;
			remoteGlobalIDString = 8E03C0BC1E8FF320007D5548;
			remoteInfo = WifiDisk;
		};
/* End PBXContainerItemProxy section */

/* Begin PBXFileReference section */
		8E03C0BD1E8FF320007D5548 /* WifiDisk.app */ = {isa = PBXFileReference; explicitFileType = wrapper.application; includeInIndex = 0; path = WifiDisk.app; sourceTree = BUILT_PRODUCTS_DIR; };
		8E03C0C01E8FF320007D5548 /* AppDelegate.swift */ = {isa = PBXFileReference; lastKnownFileType = sourcecode.swift; path = AppDelegate.swift; sourceTree = "<group>"; };
		8E03C0C21E8FF320007D5548 /* ViewController.swift */ = {isa = PBXFileReference; lastKnownFileType = sourcecode.swift; path = ViewController.swift; sourceTree = "<group>"; };
		8E03C0C51E8FF320007D5548 /* Base */ = {isa = PBXFileReference; lastKnownFileType = file.storyboard; name = Base; path = Base.lproj/Main.storyboard; sourceTree = "<group>"; };
		8E03C0C81E8FF320007D5548 /* WifiDisk.xcdatamodel */ = {isa = PBXFileReference; lastKnownFileType = wrapper.xcdatamodel; path = WifiDisk.xcdatamodel; sourceTree = "<group>"; };
		8E03C0CA1E8FF320007D5548 /* Assets.xcassets */ = {isa = PBXFileReference; lastKnownFileType = folder.assetcatalog; path = Assets.xcassets; sourceTree = "<group>"; };
		8E03C0CD1E8FF320007D5548 /* Base */ = {isa = PBXFileReference; lastKnownFileType = file.storyboard; name = Base; path = Base.lproj/LaunchScreen.storyboard; sourceTree = "<group>"; };
		8E03C0CF1E8FF320007D5548 /* Info.plist */ = {isa = PBXFileReference; lastKnownFileType = text.plist.xml; path = Info.plist; sourceTree = "<group>"; };
		8E03C0D41E8FF320007D5548 /* WifiDiskTests.xctest */ = {isa = PBXFileReference; explicitFileType = wrapper.cfbundle; includeInIndex = 0; path = WifiDiskTests.xctest; sourceTree = BUILT_PRODUCTS_DIR; };
		8E03C0D81E8FF320007D5548 /* WifiDiskTests.swift */ = {isa = PBXFileReference; lastKnownFileType = sourcecode.swift; path = WifiDiskTests.swift; sourceTree = "<group>"; };
		8E03C0DA1E8FF320007D5548 /* Info.plist */ = {isa = PBXFileReference; lastKnownFileType = text.plist.xml; path = Info.plist; sourceTree = "<group>"; };
		8E03C0DF1E8FF320007D5548 /* WifiDiskUITests.xctest */ = {isa = PBXFileReference; explicitFileType = wrapper.cfbundle; includeInIndex = 0; path = WifiDiskUITests.xctest; sourceTree = BUILT_PRODUCTS_DIR; };
		8E03C0E31E8FF320007D5548 /* WifiDiskUITests.swift */ = {isa = PBXFileReference; lastKnownFileType = sourcecode.swift; path = WifiDiskUITests.swift; sourceTree = "<group>"; };
		8E03C0E51E8FF320007D5548 /* Info.plist */ = {isa = PBXFileReference; lastKnownFileType = text.plist.xml; path = Info.plist; sourceTree = "<group>"; };
/* End PBXFileReference section */

/* Begin PBXFrameworksBuildPhase section */
		8E03C0BA1E8FF320007D5548 /* Frameworks */ = {
			isa = PBXFrameworksBuildPhase;
			buildActionMask = 2147483647;
			files = (
			);
			runOnlyForDeploymentPostprocessing = 0;
		};
		8E03C0D11E8FF320007D5548 /* Frameworks */ = {
			isa = PBXFrameworksBuildPhase;
			buildActionMask = 2147483647;
			files = (
			);
			runOnlyForDeploymentPostprocessing = 0;
		};
		8E03C0DC1E8FF320007D5548 /* Frameworks */ = {
			isa = PBXFrameworksBuildPhase;
			buildActionMask = 2147483647;
			files = (
			);
			runOnlyForDeploymentPostprocessing = 0;
		};
/* End PBXFrameworksBuildPhase section */

/* Begin PBXGroup section */
		8E03C0B41E8FF320007D5548 = {
			isa = PBXGroup;
			children = (
				8E03C0BF1E8FF320007D5548 /* WifiDisk */,
				8E03C0D71E8FF320007D5548 /* WifiDiskTests */,
				8E03C0E21E8FF320007D5548 /* WifiDiskUITests */,
				8E03C0BE1E8FF320007D5548 /* Products */,
			);
			sourceTree = "<group>";
		};
		8E03C0BE1E8FF320007D5548 /* Products */ = {
			isa = PBXGroup;
			children = (
				8E03C0BD1E8FF320007D5548 /* WifiDisk.app */,
				8E03C0D41E8FF320007D5548 /* WifiDiskTests.xctest */,
				8E03C0DF1E8FF320007D5548 /* WifiDiskUITests.xctest */,
			);
			name = Products;
			sourceTree = "<group>";
		};
		8E03C0BF1E8FF320007D5548 /* WifiDisk */ = {
			isa = PBXGroup;
			children = (
				8E03C0C01E8FF320007D5548 /* AppDelegate.swift */,
				8E03C0C21E8FF320007D5548 /* ViewController.swift */,
				8E03C0C41E8FF320007D5548 /* Main.storyboard */,
				8E03C0CA1E8FF320007D5548 /* Assets.xcassets */,
				8E03C0CC1E8FF320007D5548 /* LaunchScreen.storyboard */,
				8E03C0CF1E8FF320007D5548 /* Info.plist */,
				8E03C0C71E8FF320007D5548 /* WifiDisk.xcdatamodeld */,
			);
			path = WifiDisk;
			sourceTree = "<group>";
		};
		8E03C0D71E8FF320007D5548 /* WifiDiskTests */ = {
			isa = PBXGroup;
			children = (
				8E03C0D81E8FF320007D5548 /* WifiDiskTests.swift */,
				8E03C0DA1E8FF320007D5548 /* Info.plist */,
			);
			path = WifiDiskTests;
			sourceTree = "<group>";
		};
		8E03C0E21E8FF320007D5548 /* WifiDiskUITests */ = {
			isa = PBXGroup;
			children = (
				8E03C0E31E8FF320007D5548 /* WifiDiskUITests.swift */,
				8E03C0E51E8FF320007D5548 /* Info.plist */,
			);
			path = WifiDiskUITests;
			sourceTree = "<group>";
		};
/* End PBXGroup section */

/* Begin PBXNativeTarget section */
		8E03C0BC1E8FF320007D5548 /* WifiDisk */ = {
			isa = PBXNativeTarget;
			buildConfigurationList = 8E03C0E81E8FF320007D5548 /* Build configuration list for PBXNativeTarget "WifiDisk" */;
			buildPhases = (
				8E03C0B91E8FF320007D5548 /* Sources */,
				8E03C0BA1E8FF320007D5548 /* Frameworks */,
				8E03C0BB1E8FF320007D5548 /* Resources */,
			);
			buildRules = (
			);
			dependencies = (
			);
			name = WifiDisk;
			productName = WifiDisk;
			productReference = 8E03C0BD1E8FF320007D5548 /* WifiDisk.app */;
			productType = "com.apple.product-type.application";
		};
		8E03C0D31E8FF320007D5548 /* WifiDiskTests */ = {
			isa = PBXNativeTarget;
			buildConfigurationList = 8E03C0EB1E8FF320007D5548 /* Build configuration list for PBXNativeTarget "WifiDiskTests" */;
			buildPhases = (
				8E03C0D01E8FF320007D5548 /* Sources */,
				8E03C0D11E8FF320007D5548 /* Frameworks */,
				8E03C0D21E8FF320007D5548 /* Resources */,
			);
			buildRules = (
			);
			dependencies = (
				8E03C0D61E8FF320007D5548 /* PBXTargetDependency */,
			);
			name = WifiDiskTests;
			productName = WifiDiskTests;
			productReference = 8E03C0D41E8FF320007D5548 /* WifiDiskTests.xctest */;
			productType = "com.apple.product-type.bundle.unit-test";
		};
		8E03C0DE1E8FF320007D5548 /* WifiDiskUITests */ = {
			isa = PBXNativeTarget;
			buildConfigurationList = 8E03C0EE1E8FF320007D5548 /* Build configuration list for PBXNativeTarget "WifiDiskUITests" */;
			buildPhases = (
				8E03C0DB1E8FF320007D5548 /* Sources */,
				8E03C0DC1E8FF320007D5548 /* Frameworks */,
				8E03C0DD1E8FF320007D5548 /* Resources */,
			);
			buildRules = (
			);
			dependencies = (
				8E03C0E11E8FF320007D5548 /* PBXTargetDependency */,
			);
			name = WifiDiskUITests;
			productName = WifiDiskUITests;
			productReference = 8E03C0DF1E8FF320007D5548 /* WifiDiskUITests.xctest */;
			productType = "com.apple.product-type.bundle.ui-testing";
		};
/* End PBXNativeTarget section */

/* Begin PBXProject section */
		8E03C0B51E8FF320007D5548 /* Project object */ = {
			isa = PBXProject;
			attributes = {
				LastSwiftUpdateCheck = 0830;
				LastUpgradeCheck = 0830;
				ORGANIZATIONNAME = "齐风修";
				TargetAttributes = {
					8E03C0BC1E8FF320007D5548 = {
						CreatedOnToolsVersion = 8.3;
						DevelopmentTeam = XUWUFE7N25;
						ProvisioningStyle = Automatic;
					};
					8E03C0D31E8FF320007D5548 = {
						CreatedOnToolsVersion = 8.3;
						DevelopmentTeam = XUWUFE7N25;
						ProvisioningStyle = Automatic;
						TestTargetID = 8E03C0BC1E8FF320007D5548;
					};
					8E03C0DE1E8FF320007D5548 = {
						CreatedOnToolsVersion = 8.3;
						DevelopmentTeam = XUWUFE7N25;
						ProvisioningStyle = Automatic;
						TestTargetID = 8E03C0BC1E8FF320007D5548;
					};
				};
			};
			buildConfigurationList = 8E03C0B81E8FF320007D5548 /* Build configuration list for PBXProject "WifiDisk" */;
			compatibilityVersion = "Xcode 3.2";
			developmentRegion = English;
			hasScannedForEncodings = 0;
			knownRegions = (
				en,
				Base,
			);
			mainGroup = 8E03C0B41E8FF320007D5548;
			productRefGroup = 8E03C0BE1E8FF320007D5548 /* Products */;
			projectDirPath = "";
			projectRoot = "";
			targets = (
				8E03C0BC1E8FF320007D5548 /* WifiDisk */,
				8E03C0D31E8FF320007D5548 /* WifiDiskTests */,
				8E03C0DE1E8FF320007D5548 /* WifiDiskUITests */,
			);
		};
/* End PBXProject section */

/* Begin PBXResourcesBuildPhase section */
		8E03C0BB1E8FF320007D5548 /* Resources */ = {
			isa = PBXResourcesBuildPhase;
			buildActionMask = 2147483647;
			files = (
				8E03C0CE1E8FF320007D5548 /* LaunchScreen.storyboard in Resources */,
				8E03C0CB1E8FF320007D5548 /* Assets.xcassets in Resources */,
				8E03C0C61E8FF320007D5548 /* Main.storyboard in Resources */,
			);
			runOnlyForDeploymentPostprocessing = 0;
		};
		8E03C0D21E8FF320007D5548 /* Resources */ = {
			isa = PBXResourcesBuildPhase;
			buildActionMask = 2147483647;
			files = (
			);
			runOnlyForDeploymentPostprocessing = 0;
		};
		8E03C0DD1E8FF320007D5548 /* Resources */ = {
			isa = PBXResourcesBuildPhase;
			buildActionMask = 2147483647;
			files = (
			);
			runOnlyForDeploymentPostprocessing = 0;
		};
/* End PBXResourcesBuildPhase section */

/* Begin PBXSourcesBuildPhase section */
		8E03C0B91E8FF320007D5548 /* Sources */ = {
			isa = PBXSourcesBuildPhase;
			buildActionMask = 2147483647;
			files = (
				8E03C0C31E8FF320007D5548 /* ViewController.swift in Sources */,
				8E03C0C11E8FF320007D5548 /* AppDelegate.swift in Sources */,
				8E03C0C91E8FF320007D5548 /* WifiDisk.xcdatamodeld in Sources */,
			);
			runOnlyForDeploymentPostprocessing = 0;
		};
		8E03C0D01E8FF320007D5548 /* Sources */ = {
			isa = PBXSourcesBuildPhase;
			buildActionMask = 2147483647;
			files = (
				8E03C0D91E8FF320007D5548 /* WifiDiskTests.swift in Sources */,
			);
			runOnlyForDeploymentPostprocessing = 0;
		};
		8E03C0DB1E8FF320007D5548 /* Sources */ = {
			isa = PBXSourcesBuildPhase;
			buildActionMask = 2147483647;
			files = (
				8E03C0E41E8FF320007D5548 /* WifiDiskUITests.swift in Sources */,
			);
			runOnlyForDeploymentPostprocessing = 0;
		};
/* End PBXSourcesBuildPhase section */

/* Begin PBXTargetDependency section */
		8E03C0D61E8FF320007D5548 /* PBXTargetDependency */ = {
			isa = PBXTargetDependency;
			target = 8E03C0BC1E8FF320007D5548 /* WifiDisk */;
			targetProxy = 8E03C0D51E8FF320007D5548 /* PBXContainerItemProxy */;
		};
		8E03C0E11E8FF320007D5548 /* PBXTargetDependency */ = {
			isa = PBXTargetDependency;
			target = 8E03C0BC1E8FF320007D5548 /* WifiDisk */;
			targetProxy = 8E03C0E01E8FF320007D5548 /* PBXContainerItemProxy */;
		};
/* End PBXTargetDependency section */

/* Begin PBXVariantGroup section */
		8E03C0C41E8FF320007D5548 /* Main.storyboard */ = {
			isa = PBXVariantGroup;
			children = (
				8E03C0C51E8FF320007D5548 /* Base */,
			);
			name = Main.storyboard;
			sourceTree = "<group>";
		};
		8E03C0CC1E8FF320007D5548 /* LaunchScreen.storyboard */ = {
			isa = PBXVariantGroup;
			children = (
				8E03C0CD1E8FF320007D5548 /* Base */,
			);
			name = LaunchScreen.storyboard;
			sourceTree = "<group>";
		};
/* End PBXVariantGroup section */

/* Begin XCBuildConfiguration section */
		8E03C0E61E8FF320007D5548 /* Debug */ = {
			isa = XCBuildConfiguration;
			buildSettings = {
				ALWAYS_SEARCH_USER_PATHS = NO;
				CLANG_ANALYZER_NONNULL = YES;
				CLANG_ANALYZER_NUMBER_OBJECT_CONVERSION = YES_AGGRESSIVE;
				CLANG_CXX_LANGUAGE_STANDARD = "gnu++0x";
				CLANG_CXX_LIBRARY = "libc++";
				CLANG_ENABLE_MODULES = YES;
				CLANG_ENABLE_OBJC_ARC = YES;
				CLANG_WARN_BOOL_CONVERSION = YES;
				CLANG_WARN_CONSTANT_CONVERSION = YES;
				CLANG_WARN_DIRECT_OBJC_ISA_USAGE = YES_ERROR;
				CLANG_WARN_DOCUMENTATION_COMMENTS = YES;
				CLANG_WARN_EMPTY_BODY = YES;
				CLANG_WARN_ENUM_CONVERSION = YES;
				CLANG_WARN_INFINITE_RECURSION = YES;
				CLANG_WARN_INT_CONVERSION = YES;
				CLANG_WARN_OBJC_ROOT_CLASS = YES_ERROR;
				CLANG_WARN_SUSPICIOUS_MOVE = YES;
				CLANG_WARN_UNREACHABLE_CODE = YES;
				CLANG_WARN__DUPLICATE_METHOD_MATCH = YES;
				"CODE_SIGN_IDENTITY[sdk=iphoneos*]" = "iPhone Developer";
				COPY_PHASE_STRIP = NO;
				DEBUG_INFORMATION_FORMAT = dwarf;
				ENABLE_STRICT_OBJC_MSGSEND = YES;
				ENABLE_TESTABILITY = YES;
				GCC_C_LANGUAGE_STANDARD = gnu99;
				GCC_DYNAMIC_NO_PIC = NO;
				GCC_NO_COMMON_BLOCKS = YES;
				GCC_OPTIMIZATION_LEVEL = 0;
				GCC_PREPROCESSOR_DEFINITIONS = (
					"DEBUG=1",
					"$(inherited)",
				);
				GCC_WARN_64_TO_32_BIT_CONVERSION = YES;
				GCC_WARN_ABOUT_RETURN_TYPE = YES_ERROR;
				GCC_WARN_UNDECLARED_SELECTOR = YES;
				GCC_WARN_UNINITIALIZED_AUTOS = YES_AGGRESSIVE;
				GCC_WARN_UNUSED_FUNCTION = YES;
				GCC_WARN_UNUSED_VARIABLE = YES;
				IPHONEOS_DEPLOYMENT_TARGET = 10.3;
				MTL_ENABLE_DEBUG_INFO = YES;
				ONLY_ACTIVE_ARCH = YES;
				SDKROOT = iphoneos;
				SWIFT_ACTIVE_COMPILATION_CONDITIONS = DEBUG;
				SWIFT_OPTIMIZATION_LEVEL = "-Onone";
			};
			name = Debug;
		};
		8E03C0E71E8FF320007D5548 /* Release */ = {
			isa = XCBuildConfiguration;
			buildSettings = {
				ALWAYS_SEARCH_USER_PATHS = NO;
				CLANG_ANALYZER_NONNULL = YES;
				CLANG_ANALYZER_NUMBER_OBJECT_CONVERSION = YES_AGGRESSIVE;
				CLANG_CXX_LANGUAGE_STANDARD = "gnu++0x";
				CLANG_CXX_LIBRARY = "libc++";
				CLANG_ENABLE_MODULES = YES;
				CLANG_ENABLE_OBJC_ARC = YES;
				CLANG_WARN_BOOL_CONVERSION = YES;
				CLANG_WARN_CONSTANT_CONVERSION = YES;
				CLANG_WARN_DIRECT_OBJC_ISA_USAGE = YES_ERROR;
				CLANG_WARN_DOCUMENTATION_COMMENTS = YES;
				CLANG_WARN_EMPTY_BODY = YES;
				CLANG_WARN_ENUM_CONVERSION = YES;
				CLANG_WARN_INFINITE_RECURSION = YES;
				CLANG_WARN_INT_CONVERSION = YES;
				CLANG_WARN_OBJC_ROOT_CLASS = YES_ERROR;
				CLANG_WARN_SUSPICIOUS_MOVE = YES;
				CLANG_WARN_UNREACHABLE_CODE = YES;
				CLANG_WARN__DUPLICATE_METHOD_MATCH = YES;
				"CODE_SIGN_IDENTITY[sdk=iphoneos*]" = "iPhone Developer";
				COPY_PHASE_STRIP = NO;
				DEBUG_INFORMATION_FORMAT = "dwarf-with-dsym";
				ENABLE_NS_ASSERTIONS = NO;
				ENABLE_STRICT_OBJC_MSGSEND = YES;
				GCC_C_LANGUAGE_STANDARD = gnu99;
				GCC_NO_COMMON_BLOCKS = YES;
				GCC_WARN_64_TO_32_BIT_CONVERSION = YES;
				GCC_WARN_ABOUT_RETURN_TYPE = YES_ERROR;
				GCC_WARN_UNDECLARED_SELECTOR = YES;
				GCC_WARN_UNINITIALIZED_AUTOS = YES_AGGRESSIVE;
				GCC_WARN_UNUSED_FUNCTION = YES;
				GCC_WARN_UNUSED_VARIABLE = YES;
				IPHONEOS_DEPLOYMENT_TARGET = 10.3;
				MTL_ENABLE_DEBUG_INFO = NO;
				SDKROOT = iphoneos;
				SWIFT_OPTIMIZATION_LEVEL = "-Owholemodule";
				VALIDATE_PRODUCT = YES;
			};
			name = Release;
		};
		8E03C0E91E8FF320007D5548 /* Debug */ = {
			isa = XCBuildConfiguration;
			buildSettings = {
				ASSETCATALOG_COMPILER_APPICON_NAME = AppIcon;
				DEVELOPMENT_TEAM = XUWUFE7N25;
				INFOPLIST_FILE = WifiDisk/Info.plist;
				LD_RUNPATH_SEARCH_PATHS = "$(inherited) @executable_path/Frameworks";
				PRODUCT_BUNDLE_IDENTIFIER = tfft.WifiDisk;
				PRODUCT_NAME = "$(TARGET_NAME)";
				SWIFT_VERSION = 3.0;
			};
			name = Debug;
		};
		8E03C0EA1E8FF320007D5548 /* Release */ = {
			isa = XCBuildConfiguration;
			buildSettings = {
				ASSETCATALOG_COMPILER_APPICON_NAME = AppIcon;
				DEVELOPMENT_TEAM = XUWUFE7N25;
				INFOPLIST_FILE = WifiDisk/Info.plist;
				LD_RUNPATH_SEARCH_PATHS = "$(inherited) @executable_path/Frameworks";
				PRODUCT_BUNDLE_IDENTIFIER = tfft.WifiDisk;
				PRODUCT_NAME = "$(TARGET_NAME)";
				SWIFT_VERSION = 3.0;
			};
			name = Release;
		};
		8E03C0EC1E8FF320007D5548 /* Debug */ = {
			isa = XCBuildConfiguration;
			buildSettings = {
				ALWAYS_EMBED_SWIFT_STANDARD_LIBRARIES = YES;
				BUNDLE_LOADER = "$(TEST_HOST)";
				DEVELOPMENT_TEAM = XUWUFE7N25;
				INFOPLIST_FILE = WifiDiskTests/Info.plist;
				LD_RUNPATH_SEARCH_PATHS = "$(inherited) @executable_path/Frameworks @loader_path/Frameworks";
				PRODUCT_BUNDLE_IDENTIFIER = tfft.WifiDiskTests;
				PRODUCT_NAME = "$(TARGET_NAME)";
				SWIFT_VERSION = 3.0;
				TEST_HOST = "$(BUILT_PRODUCTS_DIR)/WifiDisk.app/WifiDisk";
			};
			name = Debug;
		};
		8E03C0ED1E8FF320007D5548 /* Release */ = {
			isa = XCBuildConfiguration;
			buildSettings = {
				ALWAYS_EMBED_SWIFT_STANDARD_LIBRARIES = YES;
				BUNDLE_LOADER = "$(TEST_HOST)";
				DEVELOPMENT_TEAM = XUWUFE7N25;
				INFOPLIST_FILE = WifiDiskTests/Info.plist;
				LD_RUNPATH_SEARCH_PATHS = "$(inherited) @executable_path/Frameworks @loader_path/Frameworks";
				PRODUCT_BUNDLE_IDENTIFIER = tfft.WifiDiskTests;
				PRODUCT_NAME = "$(TARGET_NAME)";
				SWIFT_VERSION = 3.0;
				TEST_HOST = "$(BUILT_PRODUCTS_DIR)/WifiDisk.app/WifiDisk";
			};
			name = Release;
		};
		8E03C0EF1E8FF320007D5548 /* Debug */ = {
			isa = XCBuildConfiguration;
			buildSettings = {
				ALWAYS_EMBED_SWIFT_STANDARD_LIBRARIES = YES;
				DEVELOPMENT_TEAM = XUWUFE7N25;
				INFOPLIST_FILE = WifiDiskUITests/Info.plist;
				LD_RUNPATH_SEARCH_PATHS = "$(inherited) @executable_path/Frameworks @loader_path/Frameworks";
				PRODUCT_BUNDLE_IDENTIFIER = tfft.WifiDiskUITests;
				PRODUCT_NAME = "$(TARGET_NAME)";
				SWIFT_VERSION = 3.0;
				TEST_TARGET_NAME = WifiDisk;
			};
			name = Debug;
		};
		8E03C0F01E8FF320007D5548 /* Release */ = {
			isa = XCBuildConfiguration;
			buildSettings = {
				ALWAYS_EMBED_SWIFT_STANDARD_LIBRARIES = YES;
				DEVELOPMENT_TEAM = XUWUFE7N25;
				INFOPLIST_FILE = WifiDiskUITests/Info.plist;
				LD_RUNPATH_SEARCH_PATHS = "$(inherited) @executable_path/Frameworks @loader_path/Frameworks";
				PRODUCT_BUNDLE_IDENTIFIER = tfft.WifiDiskUITests;
				PRODUCT_NAME = "$(TARGET_NAME)";
				SWIFT_VERSION = 3.0;
				TEST_TARGET_NAME = WifiDisk;
			};
			name = Release;
		};
/* End XCBuildConfiguration section */

/* Begin XCConfigurationList section */
		8E03C0B81E8FF320007D5548 /* Build configuration list for PBXProject "WifiDisk" */ = {
			isa = XCConfigurationList;
			buildConfigurations = (
				8E03C0E61E8FF320007D5548 /* Debug */,
				8E03C0E71E8FF320007D5548 /* Release */,
			);
			defaultConfigurationIsVisible = 0;
			defaultConfigurationName = Release;
		};
		8E03C0E81E8FF320007D5548 /* Build configuration list for PBXNativeTarget "WifiDisk" */ = {
			isa = XCConfigurationList;
			buildConfigurations = (
				8E03C0E91E8FF320007D5548 /* Debug */,
				8E03C0EA1E8FF320007D5548 /* Release */,
			);
			defaultConfigurationIsVisible = 0;
		};
		8E03C0EB1E8FF320007D5548 /* Build configuration list for PBXNativeTarget "WifiDiskTests" */ = {
			isa = XCConfigurationList;
			buildConfigurations = (
				8E03C0EC1E8FF320007D5548 /* Debug */,
				8E03C0ED1E8FF320007D5548 /* Release */,
			);
			defaultConfigurationIsVisible = 0;
		};
		8E03C0EE1E8FF320007D5548 /* Build configuration list for PBXNativeTarget "WifiDiskUITests" */ = {
			isa = XCConfigurationList;
			buildConfigurations = (
				8E03C0EF1E8FF320007D5548 /* Debug */,
				8E03C0F01E8FF320007D5548 /* Release */,
			);
			defaultConfigurationIsVisible = 0;
		};
/* End XCConfigurationList section */

/* Begin XCVersionGroup section */
		8E03C0C71E8FF320007D5548 /* WifiDisk.xcdatamodeld */ = {
			isa = XCVersionGroup;
			children = (
				8E03C0C81E8FF320007D5548 /* WifiDisk.xcdatamodel */,
			);
			currentVersion = 8E03C0C81E8FF320007D5548 /* WifiDisk.xcdatamodel */;
			path = WifiDisk.xcdatamodeld;
			sourceTree = "<group>";
			versionGroupType = wrapper.xcdatamodel;
		};
/* End XCVersionGroup section */
	};
	rootObject = 8E03C0B51E8FF320007D5548 /* Project object */;
}
